<?xml version="1.0" encoding="utf-8"?>
<Project ToolsVersion="4.0" xmlns="http://schemas.microsoft.com/developer/msbuild/2003">
  <ItemGroup>
    <Filter Include="源文件">
      <UniqueIdentifier>{4FC737F1-C7A5-4376-A066-2A32D752A2FF}</UniqueIdentifier>
      <Extensions>cpp;c;cc;cxx;def;odl;idl;hpj;bat;asm;asmx</Extensions>
    </Filter>
    <Filter Include="头文件">
      <UniqueIdentifier>{93995380-89BD-4b04-88EB-625FBE52EBFB}</UniqueIdentifier>
      <Extensions>h;hh;hpp;hxx;hm;inl;inc;xsd</Extensions>
    </Filter>
    <Filter Include="资源文件">
      <UniqueIdentifier>{67DA6AB6-F800-4c08-8B7A-83BB121AAD01}</UniqueIdentifier>
      <Extensions>rc;ico;cur;bmp;dlg;rc2;rct;bin;rgs;gif;jpg;jpeg;jpe;resx;tiff;tif;png;wav;mfcribbon-ms</Extensions>
    </Filter>
    <Filter Include="源文件\Emerald">
      <UniqueIdentifier>{f70fdc6d-1129-4382-a005-f82ef0278182}</UniqueIdentifier>
    </Filter>
    <Filter Include="头文件\Emerald">
      <UniqueIdentifier>{4e13a654-71d1-4bf8-9439-fde43e3c1517}</UniqueIdentifier>
    </Filter>
    <Filter Include="头文件\Emerald\EEShader">
      <UniqueIdentifier>{87eb1836-7c57-48f9-8e85-0d168c384eb4}</UniqueIdentifier>
    </Filter>
    <Filter Include="源文件\Demo">
      <UniqueIdentifier>{815156d8-c045-4760-ba14-c71b37a5da13}</UniqueIdentifier>
    </Filter>
  </ItemGroup>
  <ItemGroup>
    <ClCompile Include="EESystem.cpp">
      <Filter>源文件\Emerald</Filter>
    </ClCompile>
    <ClCompile Include="EECore.cpp">
      <Filter>源文件\Emerald</Filter>
    </ClCompile>
    <ClCompile Include="EEMath.cpp">
      <Filter>源文件\Emerald</Filter>
    </ClCompile>
    <ClCompile Include="EEInput.cpp">
      <Filter>源文件\Emerald</Filter>
    </ClCompile>
    <ClCompile Include="EETimer.cpp">
      <Filter>源文件\Emerald</Filter>
    </ClCompile>
    <ClCompile Include="EED3D.cpp">
      <Filter>源文件\Emerald</Filter>
    </ClCompile>
    <ClCompile Include="EEColor.cpp">
      <Filter>源文件\Emerald</Filter>
    </ClCompile>
    <ClCompile Include="EECamera.cpp">
      <Filter>源文件\Emerald</Filter>
    </ClCompile>
    <ClCompile Include="EEGUI.cpp">
      <Filter>源文件\Emerald</Filter>
    </ClCompile>
    <ClCompile Include="EEObject.cpp">
      <Filter>源文件\Emerald</Filter>
    </ClCompile>
    <ClCompile Include="EECollision.cpp">
      <Filter>源文件\Emerald</Filter>
    </ClCompile>
    <ClCompile Include="EEGeometry.cpp">
      <Filter>源文件\Emerald</Filter>
    </ClCompile>
    <ClCompile Include="EEShaderState.cpp">
      <Filter>源文件\Emerald</Filter>
    </ClCompile>
    <ClCompile Include="EETexture.cpp">
      <Filter>源文件\Emerald</Filter>
    </ClCompile>
    <ClCompile Include="EEAction.cpp">
      <Filter>源文件\Emerald</Filter>
    </ClCompile>
    <ClCompile Include="EEMusic.cpp">
      <Filter>源文件\Emerald</Filter>
    </ClCompile>
    <ClCompile Include="源.cpp">
      <Filter>源文件\Demo</Filter>
    </ClCompile>
    <ClCompile Include="源1.cpp">
      <Filter>源文件\Demo</Filter>
    </ClCompile>
    <ClCompile Include="源2.cpp">
      <Filter>源文件\Demo</Filter>
    </ClCompile>
    <ClCompile Include="EESort.cpp">
      <Filter>源文件\Emerald</Filter>
    </ClCompile>
    <ClCompile Include="EEParticle.cpp">
      <Filter>源文件\Emerald</Filter>
    </ClCompile>
    <ClCompile Include="EEFont.cpp">
      <Filter>源文件\Emerald</Filter>
    </ClCompile>
    <ClCompile Include="源3.cpp">
      <Filter>源文件\Demo</Filter>
    </ClCompile>
    <ClCompile Include="源4.cpp">
      <Filter>源文件\Demo</Filter>
    </ClCompile>
    <ClCompile Include="EETCP.cpp">
      <Filter>源文件\Emerald</Filter>
    </ClCompile>
    <ClCompile Include="EEHelper.cpp">
      <Filter>源文件\Emerald</Filter>
    </ClCompile>
    <ClCompile Include="EERecorder.cpp">
      <Filter>源文件\Emerald</Filter>
    </ClCompile>
    <ClCompile Include="源5.cpp">
      <Filter>源文件\Demo</Filter>
    </ClCompile>
  </ItemGroup>
  <ItemGroup>
    <ClInclude Include="EESystem.h">
      <Filter>头文件\Emerald</Filter>
    </ClInclude>
    <ClInclude Include="Emerald.h">
      <Filter>头文件\Emerald</Filter>
    </ClInclude>
    <ClInclude Include="EECore.h">
      <Filter>头文件\Emerald</Filter>
    </ClInclude>
    <ClInclude Include="EEHelper.h">
      <Filter>头文件\Emerald</Filter>
    </ClInclude>
    <ClInclude Include="EEMath.h">
      <Filter>头文件\Emerald</Filter>
    </ClInclude>
    <ClInclude Include="EEInput.h">
      <Filter>头文件\Emerald</Filter>
    </ClInclude>
    <ClInclude Include="EETimer.h">
      <Filter>头文件\Emerald</Filter>
    </ClInclude>
    <ClInclude Include="EED3D.h">
      <Filter>头文件\Emerald</Filter>
    </ClInclude>
    <ClInclude Include="EEColor.h">
      <Filter>头文件\Emerald</Filter>
    </ClInclude>
    <ClInclude Include="EECamera.h">
      <Filter>头文件\Emerald</Filter>
    </ClInclude>
    <ClInclude Include="EEGUI.h">
      <Filter>头文件\Emerald</Filter>
    </ClInclude>
    <ClInclude Include="EEObject.h">
      <Filter>头文件\Emerald</Filter>
    </ClInclude>
    <ClInclude Include="EECollision.h">
      <Filter>头文件\Emerald</Filter>
    </ClInclude>
    <ClInclude Include="EEGeometry.h">
      <Filter>头文件\Emerald</Filter>
    </ClInclude>
    <ClInclude Include="EEShaderState.h">
      <Filter>头文件\Emerald</Filter>
    </ClInclude>
    <ClInclude Include="EETexture.h">
      <Filter>头文件\Emerald</Filter>
    </ClInclude>
    <ClInclude Include="EEAction.h">
      <Filter>头文件\Emerald</Filter>
    </ClInclude>
    <ClInclude Include="EEMusic.h">
      <Filter>头文件\Emerald</Filter>
    </ClInclude>
    <ClInclude Include="EESort.h">
      <Filter>头文件\Emerald</Filter>
    </ClInclude>
    <ClInclude Include="EEParticle.h">
      <Filter>头文件\Emerald</Filter>
    </ClInclude>
    <ClInclude Include="EEFont.h">
      <Filter>头文件\Emerald</Filter>
    </ClInclude>
    <ClInclude Include="EETCP.h">
      <Filter>头文件\Emerald</Filter>
    </ClInclude>
    <ClInclude Include="EERecorder.h">
      <Filter>头文件\Emerald</Filter>
    </ClInclude>
  </ItemGroup>
  <ItemGroup>
    <None Include="EEShader\EEObjectBuffer.hlsl">
      <Filter>头文件\Emerald\EEShader</Filter>
    </None>
    <None Include="EEShader\EECameraBuffer.hlsl">
      <Filter>头文件\Emerald\EEShader</Filter>
    </None>
    <None Include="EEShader\EEQuad2DShader.hlsl">
      <Filter>头文件\Emerald\EEShader</Filter>
    </None>
    <None Include="EEShader\EEFontShader.hlsl">
      <Filter>头文件\Emerald\EEShader</Filter>
    </None>
  </ItemGroup>
</Project>