<?xml version="1.0" encoding="utf-8"?>
<Project ToolsVersion="4.0" xmlns="http://schemas.microsoft.com/developer/msbuild/2003">
  <ItemGroup>
    <Filter Include="源文件">
      <UniqueIdentifier>{4FC737F1-C7A5-4376-A066-2A32D752A2FF}</UniqueIdentifier>
      <Extensions>cpp;c;cc;cxx;def;odl;idl;hpj;bat;asm;asmx</Extensions>
    </Filter>
    <Filter Include="头文件">
      <UniqueIdentifier>{93995380-89BD-4b04-88EB-625FBE52EBFB}</UniqueIdentifier>
      <Extensions>h;hh;hpp;hxx;hm;inl;inc;xsd</Extensions>
    </Filter>
    <Filter Include="资源文件">
      <UniqueIdentifier>{67DA6AB6-F800-4c08-8B7A-83BB121AAD01}</UniqueIdentifier>
      <Extensions>rc;ico;cur;bmp;dlg;rc2;rct;bin;rgs;gif;jpg;jpeg;jpe;resx;tiff;tif;png;wav;mfcribbon-ms</Extensions>
    </Filter>
    <Filter Include="源文件\Emerald">
      <UniqueIdentifier>{f70fdc6d-1129-4382-a005-f82ef0278182}</UniqueIdentifier>
    </Filter>
    <Filter Include="头文件\Emerald">
      <UniqueIdentifier>{4e13a654-71d1-4bf8-9439-fde43e3c1517}</UniqueIdentifier>
    </Filter>
    <Filter Include="头文件\Emerald\EEShader">
      <UniqueIdentifier>{87eb1836-7c57-48f9-8e85-0d168c384eb4}</UniqueIdentifier>
    </Filter>
    <Filter Include="源文件\Demo">
      <UniqueIdentifier>{815156d8-c045-4760-ba14-c71b37a5da13}</UniqueIdentifier>
    </Filter>
    <Filter Include="头文件\Emerald\EESocket">
      <UniqueIdentifier>{e351efec-0b2b-4765-84ad-62189932fa61}</UniqueIdentifier>
    </Filter>
    <Filter Include="源文件\Emerald\EESocket">
      <UniqueIdentifier>{add66267-2c68-4c51-92ea-f59c0d48b942}</UniqueIdentifier>
    </Filter>
    <Filter Include="头文件\Emerald\EEGUI">
      <UniqueIdentifier>{789f1190-9088-4b3b-8ee0-5145c99d1f4b}</UniqueIdentifier>
    </Filter>
    <Filter Include="源文件\Emerald\EEGUI">
      <UniqueIdentifier>{4d10cc43-a96b-4f01-b456-eff225f4a147}</UniqueIdentifier>
    </Filter>
    <Filter Include="头文件\Emerald\EEGeometry">
      <UniqueIdentifier>{ef0fba44-4fbd-4931-a593-350d0a834248}</UniqueIdentifier>
    </Filter>
    <Filter Include="源文件\Emerald\EEGeometry">
      <UniqueIdentifier>{b2d5991e-10cd-40b9-89f3-e0450dbd7679}</UniqueIdentifier>
    </Filter>
    <Filter Include="源文件\Demo\DIVA">
      <UniqueIdentifier>{7d488e33-c436-43ca-be1c-fff7e4992df2}</UniqueIdentifier>
    </Filter>
    <Filter Include="源文件\Demo\YY">
      <UniqueIdentifier>{220a982e-73a0-43cd-8342-19d831f187d7}</UniqueIdentifier>
    </Filter>
    <Filter Include="头文件\Emerald\EETexture">
      <UniqueIdentifier>{7a8e9807-242d-4562-aa0e-d6542b6eb12e}</UniqueIdentifier>
    </Filter>
    <Filter Include="头文件\Emerald\EEFont">
      <UniqueIdentifier>{da2467d0-2142-4504-8fc7-35ebc8576fe6}</UniqueIdentifier>
    </Filter>
    <Filter Include="源文件\Emerald\EETexture">
      <UniqueIdentifier>{8d9e9538-4b50-45e9-b854-3b194f7cc393}</UniqueIdentifier>
    </Filter>
    <Filter Include="源文件\Emerald\EEFont">
      <UniqueIdentifier>{3af591e6-f252-4605-a06e-562cffd690e4}</UniqueIdentifier>
    </Filter>
  </ItemGroup>
  <ItemGroup>
    <ClCompile Include="EESystem.cpp">
      <Filter>源文件\Emerald</Filter>
    </ClCompile>
    <ClCompile Include="EECore.cpp">
      <Filter>源文件\Emerald</Filter>
    </ClCompile>
    <ClCompile Include="EEMath.cpp">
      <Filter>源文件\Emerald</Filter>
    </ClCompile>
    <ClCompile Include="EEInput.cpp">
      <Filter>源文件\Emerald</Filter>
    </ClCompile>
    <ClCompile Include="EETimer.cpp">
      <Filter>源文件\Emerald</Filter>
    </ClCompile>
    <ClCompile Include="EED3D.cpp">
      <Filter>源文件\Emerald</Filter>
    </ClCompile>
    <ClCompile Include="EEColor.cpp">
      <Filter>源文件\Emerald</Filter>
    </ClCompile>
    <ClCompile Include="EECamera.cpp">
      <Filter>源文件\Emerald</Filter>
    </ClCompile>
    <ClCompile Include="EEObject.cpp">
      <Filter>源文件\Emerald</Filter>
    </ClCompile>
    <ClCompile Include="EECollision.cpp">
      <Filter>源文件\Emerald</Filter>
    </ClCompile>
    <ClCompile Include="EEShaderState.cpp">
      <Filter>源文件\Emerald</Filter>
    </ClCompile>
    <ClCompile Include="EEAction.cpp">
      <Filter>源文件\Emerald</Filter>
    </ClCompile>
    <ClCompile Include="EEMusic.cpp">
      <Filter>源文件\Emerald</Filter>
    </ClCompile>
    <ClCompile Include="源.cpp">
      <Filter>源文件\Demo</Filter>
    </ClCompile>
    <ClCompile Include="源1.cpp">
      <Filter>源文件\Demo</Filter>
    </ClCompile>
    <ClCompile Include="EESort.cpp">
      <Filter>源文件\Emerald</Filter>
    </ClCompile>
    <ClCompile Include="EEParticle.cpp">
      <Filter>源文件\Emerald</Filter>
    </ClCompile>
    <ClCompile Include="EEHelper.cpp">
      <Filter>源文件\Emerald</Filter>
    </ClCompile>
    <ClCompile Include="EERecorder.cpp">
      <Filter>源文件\Emerald</Filter>
    </ClCompile>
    <ClCompile Include="EETCP.cpp">
      <Filter>源文件\Emerald\EESocket</Filter>
    </ClCompile>
    <ClCompile Include="EEUDP.cpp">
      <Filter>源文件\Emerald\EESocket</Filter>
    </ClCompile>
    <ClCompile Include="EESocket.cpp">
      <Filter>源文件\Emerald\EESocket</Filter>
    </ClCompile>
    <ClCompile Include="UDPServer.cpp">
      <Filter>源文件\Demo</Filter>
    </ClCompile>
    <ClCompile Include="TCPSever.cpp">
      <Filter>源文件\Demo</Filter>
    </ClCompile>
    <ClCompile Include="TCPClient.cpp">
      <Filter>源文件\Demo</Filter>
    </ClCompile>
    <ClCompile Include="UDPClient.cpp">
      <Filter>源文件\Demo</Filter>
    </ClCompile>
    <ClCompile Include="EEGUI.cpp">
      <Filter>源文件\Emerald\EEGUI</Filter>
    </ClCompile>
    <ClCompile Include="LineEditer.cpp">
      <Filter>源文件\Demo</Filter>
    </ClCompile>
    <ClCompile Include="EELineEditer.cpp">
      <Filter>源文件\Emerald\EEGUI</Filter>
    </ClCompile>
    <ClCompile Include="EEProgressBar.cpp">
      <Filter>源文件\Emerald\EEGUI</Filter>
    </ClCompile>
    <ClCompile Include="EEButton.cpp">
      <Filter>源文件\Emerald\EEGUI</Filter>
    </ClCompile>
    <ClCompile Include="EEScene.cpp">
      <Filter>源文件\Emerald\EEGUI</Filter>
    </ClCompile>
    <ClCompile Include="EEGeometry.cpp">
      <Filter>源文件\Emerald\EEGeometry</Filter>
    </ClCompile>
    <ClCompile Include="EEQuad2D.cpp">
      <Filter>源文件\Emerald\EEGeometry</Filter>
    </ClCompile>
    <ClCompile Include="EETextEditer.cpp">
      <Filter>源文件\Emerald\EEGUI</Filter>
    </ClCompile>
    <ClCompile Include="EEBox.cpp">
      <Filter>源文件\Emerald\EEGeometry</Filter>
    </ClCompile>
    <ClCompile Include="CameraAction.cpp">
      <Filter>源文件\Demo</Filter>
    </ClCompile>
    <ClCompile Include="Recoder.cpp">
      <Filter>源文件\Demo</Filter>
    </ClCompile>
    <ClCompile Include="TCPwithFont.cpp">
      <Filter>源文件\Demo</Filter>
    </ClCompile>
    <ClCompile Include="EEThread.cpp">
      <Filter>源文件\Emerald</Filter>
    </ClCompile>
    <ClCompile Include="Thread.cpp">
      <Filter>源文件\Demo</Filter>
    </ClCompile>
    <ClCompile Include="DIVA.cpp">
      <Filter>源文件\Demo\DIVA</Filter>
    </ClCompile>
    <ClCompile Include="YYClient.cpp">
      <Filter>源文件\Demo\YY</Filter>
    </ClCompile>
    <ClCompile Include="EESmartPtr.cpp">
      <Filter>源文件\Emerald</Filter>
    </ClCompile>
    <ClCompile Include="EEIntBoard.cpp">
      <Filter>源文件\Emerald\EEGUI</Filter>
    </ClCompile>
    <ClCompile Include="Picking.cpp">
      <Filter>源文件\Demo</Filter>
    </ClCompile>
    <ClCompile Include="EETexture.cpp">
      <Filter>源文件\Emerald\EETexture</Filter>
    </ClCompile>
    <ClCompile Include="EEBitmap.cpp">
      <Filter>源文件\Emerald\EETexture</Filter>
    </ClCompile>
    <ClCompile Include="FontTest.cpp">
      <Filter>源文件\Demo</Filter>
    </ClCompile>
    <ClCompile Include="EEFont.cpp">
      <Filter>源文件\Emerald\EEFont</Filter>
    </ClCompile>
    <ClCompile Include="EESlide.cpp">
      <Filter>源文件\Emerald\EEGUI</Filter>
    </ClCompile>
  </ItemGroup>
  <ItemGroup>
    <ClInclude Include="EESystem.h">
      <Filter>头文件\Emerald</Filter>
    </ClInclude>
    <ClInclude Include="Emerald.h">
      <Filter>头文件\Emerald</Filter>
    </ClInclude>
    <ClInclude Include="EECore.h">
      <Filter>头文件\Emerald</Filter>
    </ClInclude>
    <ClInclude Include="EEHelper.h">
      <Filter>头文件\Emerald</Filter>
    </ClInclude>
    <ClInclude Include="EEMath.h">
      <Filter>头文件\Emerald</Filter>
    </ClInclude>
    <ClInclude Include="EEInput.h">
      <Filter>头文件\Emerald</Filter>
    </ClInclude>
    <ClInclude Include="EETimer.h">
      <Filter>头文件\Emerald</Filter>
    </ClInclude>
    <ClInclude Include="EED3D.h">
      <Filter>头文件\Emerald</Filter>
    </ClInclude>
    <ClInclude Include="EEColor.h">
      <Filter>头文件\Emerald</Filter>
    </ClInclude>
    <ClInclude Include="EECamera.h">
      <Filter>头文件\Emerald</Filter>
    </ClInclude>
    <ClInclude Include="EEObject.h">
      <Filter>头文件\Emerald</Filter>
    </ClInclude>
    <ClInclude Include="EECollision.h">
      <Filter>头文件\Emerald</Filter>
    </ClInclude>
    <ClInclude Include="EEShaderState.h">
      <Filter>头文件\Emerald</Filter>
    </ClInclude>
    <ClInclude Include="EEAction.h">
      <Filter>头文件\Emerald</Filter>
    </ClInclude>
    <ClInclude Include="EEMusic.h">
      <Filter>头文件\Emerald</Filter>
    </ClInclude>
    <ClInclude Include="EESort.h">
      <Filter>头文件\Emerald</Filter>
    </ClInclude>
    <ClInclude Include="EEParticle.h">
      <Filter>头文件\Emerald</Filter>
    </ClInclude>
    <ClInclude Include="EERecorder.h">
      <Filter>头文件\Emerald</Filter>
    </ClInclude>
    <ClInclude Include="EEWaveCoder.h">
      <Filter>头文件\Emerald</Filter>
    </ClInclude>
    <ClInclude Include="EETCP.h">
      <Filter>头文件\Emerald\EESocket</Filter>
    </ClInclude>
    <ClInclude Include="EEUDP.h">
      <Filter>头文件\Emerald\EESocket</Filter>
    </ClInclude>
    <ClInclude Include="EESocket.h">
      <Filter>头文件\Emerald\EESocket</Filter>
    </ClInclude>
    <ClInclude Include="EEGUI.h">
      <Filter>头文件\Emerald\EEGUI</Filter>
    </ClInclude>
    <ClInclude Include="EELineEditer.h">
      <Filter>头文件\Emerald\EEGUI</Filter>
    </ClInclude>
    <ClInclude Include="EEButton.h">
      <Filter>头文件\Emerald\EEGUI</Filter>
    </ClInclude>
    <ClInclude Include="EEScene.h">
      <Filter>头文件\Emerald\EEGUI</Filter>
    </ClInclude>
    <ClInclude Include="EEGeometry.h">
      <Filter>头文件\Emerald\EEGeometry</Filter>
    </ClInclude>
    <ClInclude Include="EEQuad2D.h">
      <Filter>头文件\Emerald\EEGeometry</Filter>
    </ClInclude>
    <ClInclude Include="EETextEditer.h">
      <Filter>头文件\Emerald\EEGUI</Filter>
    </ClInclude>
    <ClInclude Include="EEBox.h">
      <Filter>头文件\Emerald\EEGeometry</Filter>
    </ClInclude>
    <ClInclude Include="EEThread.h">
      <Filter>头文件\Emerald</Filter>
    </ClInclude>
    <ClInclude Include="EESmartPtr.h">
      <Filter>头文件\Emerald</Filter>
    </ClInclude>
    <ClInclude Include="EEIntBoard.h">
      <Filter>头文件\Emerald\EEGUI</Filter>
    </ClInclude>
    <ClInclude Include="DIVAHelper.h">
      <Filter>源文件\Demo\DIVA</Filter>
    </ClInclude>
    <ClInclude Include="EETexture.h">
      <Filter>头文件\Emerald\EETexture</Filter>
    </ClInclude>
    <ClInclude Include="EEBitmap.h">
      <Filter>头文件\Emerald\EETexture</Filter>
    </ClInclude>
    <ClInclude Include="EEFont.h">
      <Filter>头文件\Emerald\EEFont</Filter>
    </ClInclude>
    <ClInclude Include="EESlide.h">
      <Filter>头文件\Emerald\EEGUI</Filter>
    </ClInclude>
    <ClInclude Include="EEFloatBoard.h">
      <Filter>头文件\Emerald\EEGUI</Filter>
    </ClInclude>
    <ClInclude Include="EEProgressbar.h">
      <Filter>头文件\Emerald\EEGUI</Filter>
    </ClInclude>
  </ItemGroup>
  <ItemGroup>
    <None Include="EEShader\EEObjectBuffer.hlsl">
      <Filter>头文件\Emerald\EEShader</Filter>
    </None>
    <None Include="EEShader\EECameraBuffer.hlsl">
      <Filter>头文件\Emerald\EEShader</Filter>
    </None>
    <None Include="EEShader\EEQuad2DShader.hlsl">
      <Filter>头文件\Emerald\EEShader</Filter>
    </None>
    <None Include="EEShader\EEFontShader.hlsl">
      <Filter>头文件\Emerald\EEShader</Filter>
    </None>
    <None Include="EEShader\EEBoxShader.hlsl">
      <Filter>头文件\Emerald\EEShader</Filter>
    </None>
    <None Include="EEWaveCoder.cpp">
      <Filter>源文件\Emerald</Filter>
    </None>
  </ItemGroup>
</Project>