<?xml version="1.0" encoding="utf-8"?>
<Project ToolsVersion="4.0" xmlns="http://schemas.microsoft.com/developer/msbuild/2003">
  <ItemGroup>
    <Filter Include="源文件">
      <UniqueIdentifier>{4FC737F1-C7A5-4376-A066-2A32D752A2FF}</UniqueIdentifier>
      <Extensions>cpp;c;cc;cxx;def;odl;idl;hpj;bat;asm;asmx</Extensions>
    </Filter>
    <Filter Include="头文件">
      <UniqueIdentifier>{93995380-89BD-4b04-88EB-625FBE52EBFB}</UniqueIdentifier>
      <Extensions>h;hh;hpp;hxx;hm;inl;inc;xsd</Extensions>
    </Filter>
    <Filter Include="资源文件">
      <UniqueIdentifier>{67DA6AB6-F800-4c08-8B7A-83BB121AAD01}</UniqueIdentifier>
      <Extensions>rc;ico;cur;bmp;dlg;rc2;rct;bin;rgs;gif;jpg;jpeg;jpe;resx;tiff;tif;png;wav;mfcribbon-ms</Extensions>
    </Filter>
    <Filter Include="源文件\Emerald">
      <UniqueIdentifier>{f70fdc6d-1129-4382-a005-f82ef0278182}</UniqueIdentifier>
    </Filter>
    <Filter Include="头文件\Emerald">
      <UniqueIdentifier>{4e13a654-71d1-4bf8-9439-fde43e3c1517}</UniqueIdentifier>
    </Filter>
    <Filter Include="头文件\Emerald\EEShader">
      <UniqueIdentifier>{87eb1836-7c57-48f9-8e85-0d168c384eb4}</UniqueIdentifier>
    </Filter>
    <Filter Include="源文件\Demo">
      <UniqueIdentifier>{815156d8-c045-4760-ba14-c71b37a5da13}</UniqueIdentifier>
    </Filter>
    <Filter Include="头文件\Emerald\EESocket">
      <UniqueIdentifier>{e351efec-0b2b-4765-84ad-62189932fa61}</UniqueIdentifier>
    </Filter>
    <Filter Include="源文件\Emerald\EESocket">
      <UniqueIdentifier>{add66267-2c68-4c51-92ea-f59c0d48b942}</UniqueIdentifier>
    </Filter>
    <Filter Include="头文件\Emerald\EEGUI">
      <UniqueIdentifier>{789f1190-9088-4b3b-8ee0-5145c99d1f4b}</UniqueIdentifier>
    </Filter>
    <Filter Include="源文件\Emerald\EEGUI">
      <UniqueIdentifier>{4d10cc43-a96b-4f01-b456-eff225f4a147}</UniqueIdentifier>
    </Filter>
    <Filter Include="头文件\Emerald\EEGeometry">
      <UniqueIdentifier>{ef0fba44-4fbd-4931-a593-350d0a834248}</UniqueIdentifier>
    </Filter>
    <Filter Include="源文件\Emerald\EEGeometry">
      <UniqueIdentifier>{b2d5991e-10cd-40b9-89f3-e0450dbd7679}</UniqueIdentifier>
    </Filter>
    <Filter Include="源文件\Demo\DIVA">
      <UniqueIdentifier>{7d488e33-c436-43ca-be1c-fff7e4992df2}</UniqueIdentifier>
    </Filter>
    <Filter Include="头文件\Emerald\EETexture">
      <UniqueIdentifier>{7a8e9807-242d-4562-aa0e-d6542b6eb12e}</UniqueIdentifier>
    </Filter>
    <Filter Include="头文件\Emerald\EEFont">
      <UniqueIdentifier>{da2467d0-2142-4504-8fc7-35ebc8576fe6}</UniqueIdentifier>
    </Filter>
    <Filter Include="源文件\Emerald\EETexture">
      <UniqueIdentifier>{8d9e9538-4b50-45e9-b854-3b194f7cc393}</UniqueIdentifier>
    </Filter>
    <Filter Include="源文件\Emerald\EEFont">
      <UniqueIdentifier>{3af591e6-f252-4605-a06e-562cffd690e4}</UniqueIdentifier>
    </Filter>
    <Filter Include="头文件\Emerald\EEEffect">
      <UniqueIdentifier>{46afe6ed-3887-4d20-8bb5-b90081e6426a}</UniqueIdentifier>
    </Filter>
    <Filter Include="源文件\Emerald\EEEffect">
      <UniqueIdentifier>{6cad0488-1226-4d80-b214-900f58fbbf12}</UniqueIdentifier>
    </Filter>
    <Filter Include="头文件\Emerald\EEShader\EERippleShader">
      <UniqueIdentifier>{7946b3a7-28c9-49f4-8480-cf944e706294}</UniqueIdentifier>
    </Filter>
    <Filter Include="DirectXTex">
      <UniqueIdentifier>{1b806810-c0f9-452f-90ad-5e340dc7b86f}</UniqueIdentifier>
    </Filter>
    <Filter Include="头文件\Emerald\EEShader\EEBlurShader">
      <UniqueIdentifier>{6d8434a0-eaf5-4952-8c4e-ddddc506429b}</UniqueIdentifier>
    </Filter>
    <Filter Include="头文件\Emerald\EEAction">
      <UniqueIdentifier>{37ae220f-a93c-4a03-b8dc-1be98b95ddcf}</UniqueIdentifier>
    </Filter>
    <Filter Include="源文件\Emerald\EEAction">
      <UniqueIdentifier>{16ff7ac9-b400-49b0-85e1-f5042ca2bb40}</UniqueIdentifier>
    </Filter>
    <Filter Include="头文件\Emerald\EEParticle">
      <UniqueIdentifier>{1254664b-9530-4203-bbfd-0049d41607a9}</UniqueIdentifier>
    </Filter>
    <Filter Include="源文件\Emerald\EEParticle">
      <UniqueIdentifier>{094316f0-c2d1-4899-95f0-5ab0bbc75d16}</UniqueIdentifier>
    </Filter>
    <Filter Include="头文件\Emerald\EEObject">
      <UniqueIdentifier>{1274e6eb-1f87-43ae-b966-c2cc34d98426}</UniqueIdentifier>
    </Filter>
    <Filter Include="源文件\Emerald\EEObject">
      <UniqueIdentifier>{b7d91fcf-65b4-42ea-969f-f8aeb0760a9b}</UniqueIdentifier>
    </Filter>
    <Filter Include="头文件\Emerald\EEShader\EEAverageShader">
      <UniqueIdentifier>{0644a267-10ba-49be-93a0-4504f1b0ac55}</UniqueIdentifier>
    </Filter>
    <Filter Include="头文件\Emerald\EEShader\EEGrayShader">
      <UniqueIdentifier>{4d81271e-1f18-4d36-bdf1-adca75f73466}</UniqueIdentifier>
    </Filter>
    <Filter Include="头文件\Emerald\EEShader\EEContrastAndBrightShader">
      <UniqueIdentifier>{b276b873-7262-40f6-a306-572a7bc33f67}</UniqueIdentifier>
    </Filter>
    <Filter Include="头文件\Emerald\EEShader\EEErodeShader">
      <UniqueIdentifier>{9d2434b1-b298-4a33-a4f9-1fd54a0efec8}</UniqueIdentifier>
    </Filter>
    <Filter Include="头文件\Emerald\EEShader\EEFilterShader">
      <UniqueIdentifier>{ab10b0aa-6260-471f-b617-05a8b973b54d}</UniqueIdentifier>
    </Filter>
    <Filter Include="头文件\Emerald\EEShader\EEDilateShader">
      <UniqueIdentifier>{98c94284-054e-4bda-a2d1-6091e8b86846}</UniqueIdentifier>
    </Filter>
    <Filter Include="头文件\Emerald\EEShader\EECannyShader">
      <UniqueIdentifier>{1983e395-f950-4aa2-82ac-aa6cd547e8c7}</UniqueIdentifier>
    </Filter>
    <Filter Include="源文件\Demo\DIVAProject">
      <UniqueIdentifier>{5dfde8f0-d80a-4c66-9ef3-5cc1e2ce75a5}</UniqueIdentifier>
    </Filter>
  </ItemGroup>
  <ItemGroup>
    <ClCompile Include="EESystem.cpp">
      <Filter>源文件\Emerald</Filter>
    </ClCompile>
    <ClCompile Include="EECore.cpp">
      <Filter>源文件\Emerald</Filter>
    </ClCompile>
    <ClCompile Include="EEMath.cpp">
      <Filter>源文件\Emerald</Filter>
    </ClCompile>
    <ClCompile Include="EEInput.cpp">
      <Filter>源文件\Emerald</Filter>
    </ClCompile>
    <ClCompile Include="EETimer.cpp">
      <Filter>源文件\Emerald</Filter>
    </ClCompile>
    <ClCompile Include="EED3D.cpp">
      <Filter>源文件\Emerald</Filter>
    </ClCompile>
    <ClCompile Include="EEColor.cpp">
      <Filter>源文件\Emerald</Filter>
    </ClCompile>
    <ClCompile Include="EECamera.cpp">
      <Filter>源文件\Emerald</Filter>
    </ClCompile>
    <ClCompile Include="EECollision.cpp">
      <Filter>源文件\Emerald</Filter>
    </ClCompile>
    <ClCompile Include="EEShaderState.cpp">
      <Filter>源文件\Emerald</Filter>
    </ClCompile>
    <ClCompile Include="EEMusic.cpp">
      <Filter>源文件\Emerald</Filter>
    </ClCompile>
    <ClCompile Include="EESort.cpp">
      <Filter>源文件\Emerald</Filter>
    </ClCompile>
    <ClCompile Include="EEHelper.cpp">
      <Filter>源文件\Emerald</Filter>
    </ClCompile>
    <ClCompile Include="EERecorder.cpp">
      <Filter>源文件\Emerald</Filter>
    </ClCompile>
    <ClCompile Include="EETCP.cpp">
      <Filter>源文件\Emerald\EESocket</Filter>
    </ClCompile>
    <ClCompile Include="EEUDP.cpp">
      <Filter>源文件\Emerald\EESocket</Filter>
    </ClCompile>
    <ClCompile Include="EESocket.cpp">
      <Filter>源文件\Emerald\EESocket</Filter>
    </ClCompile>
    <ClCompile Include="EEGUI.cpp">
      <Filter>源文件\Emerald\EEGUI</Filter>
    </ClCompile>
    <ClCompile Include="EEProgressBar.cpp">
      <Filter>源文件\Emerald\EEGUI</Filter>
    </ClCompile>
    <ClCompile Include="EEButton.cpp">
      <Filter>源文件\Emerald\EEGUI</Filter>
    </ClCompile>
    <ClCompile Include="EEScene.cpp">
      <Filter>源文件\Emerald\EEGUI</Filter>
    </ClCompile>
    <ClCompile Include="EEGeometry.cpp">
      <Filter>源文件\Emerald\EEGeometry</Filter>
    </ClCompile>
    <ClCompile Include="EEQuad2D.cpp">
      <Filter>源文件\Emerald\EEGeometry</Filter>
    </ClCompile>
    <ClCompile Include="EEBox.cpp">
      <Filter>源文件\Emerald\EEGeometry</Filter>
    </ClCompile>
    <ClCompile Include="EEThread.cpp">
      <Filter>源文件\Emerald</Filter>
    </ClCompile>
    <ClCompile Include="EESmartPtr.cpp">
      <Filter>源文件\Emerald</Filter>
    </ClCompile>
    <ClCompile Include="EEIntBoard.cpp">
      <Filter>源文件\Emerald\EEGUI</Filter>
    </ClCompile>
    <ClCompile Include="EETexture.cpp">
      <Filter>源文件\Emerald\EETexture</Filter>
    </ClCompile>
    <ClCompile Include="EEBitmap.cpp">
      <Filter>源文件\Emerald\EETexture</Filter>
    </ClCompile>
    <ClCompile Include="EEFont.cpp">
      <Filter>源文件\Emerald\EEFont</Filter>
    </ClCompile>
    <ClCompile Include="EESlide.cpp">
      <Filter>源文件\Emerald\EEGUI</Filter>
    </ClCompile>
    <ClCompile Include="EEFloatBoard.cpp">
      <Filter>源文件\Emerald\EEGUI</Filter>
    </ClCompile>
    <ClCompile Include="EEMemoryLeak.cpp">
      <Filter>源文件\Emerald</Filter>
    </ClCompile>
    <ClCompile Include="EEEffect.cpp">
      <Filter>源文件\Emerald\EEEffect</Filter>
    </ClCompile>
    <ClCompile Include="EERipple.cpp">
      <Filter>源文件\Emerald\EEEffect</Filter>
    </ClCompile>
    <ClCompile Include="EEBlur.cpp">
      <Filter>源文件\Emerald\EEEffect</Filter>
    </ClCompile>
    <ClCompile Include="DirectXTex\BC.cpp">
      <Filter>DirectXTex</Filter>
    </ClCompile>
    <ClCompile Include="DirectXTex\BC4BC5.cpp">
      <Filter>DirectXTex</Filter>
    </ClCompile>
    <ClCompile Include="DirectXTex\BC6HBC7.cpp">
      <Filter>DirectXTex</Filter>
    </ClCompile>
    <ClCompile Include="DirectXTex\BCDirectCompute.cpp">
      <Filter>DirectXTex</Filter>
    </ClCompile>
    <ClCompile Include="DirectXTex\DirectXTexCompress.cpp">
      <Filter>DirectXTex</Filter>
    </ClCompile>
    <ClCompile Include="DirectXTex\DirectXTexCompressGPU.cpp">
      <Filter>DirectXTex</Filter>
    </ClCompile>
    <ClCompile Include="DirectXTex\DirectXTexConvert.cpp">
      <Filter>DirectXTex</Filter>
    </ClCompile>
    <ClCompile Include="DirectXTex\DirectXTexD3D11.cpp">
      <Filter>DirectXTex</Filter>
    </ClCompile>
    <ClCompile Include="DirectXTex\DirectXTexDDS.cpp">
      <Filter>DirectXTex</Filter>
    </ClCompile>
    <ClCompile Include="DirectXTex\DirectXTexFlipRotate.cpp">
      <Filter>DirectXTex</Filter>
    </ClCompile>
    <ClCompile Include="DirectXTex\DirectXTexImage.cpp">
      <Filter>DirectXTex</Filter>
    </ClCompile>
    <ClCompile Include="DirectXTex\DirectXTexMipmaps.cpp">
      <Filter>DirectXTex</Filter>
    </ClCompile>
    <ClCompile Include="DirectXTex\DirectXTexMisc.cpp">
      <Filter>DirectXTex</Filter>
    </ClCompile>
    <ClCompile Include="DirectXTex\DirectXTexNormalMaps.cpp">
      <Filter>DirectXTex</Filter>
    </ClCompile>
    <ClCompile Include="DirectXTex\DirectXTexPMAlpha.cpp">
      <Filter>DirectXTex</Filter>
    </ClCompile>
    <ClCompile Include="DirectXTex\DirectXTexResize.cpp">
      <Filter>DirectXTex</Filter>
    </ClCompile>
    <ClCompile Include="DirectXTex\DirectXTexTGA.cpp">
      <Filter>DirectXTex</Filter>
    </ClCompile>
    <ClCompile Include="DirectXTex\DirectXTexUtil.cpp">
      <Filter>DirectXTex</Filter>
    </ClCompile>
    <ClCompile Include="DirectXTex\DirectXTexWIC.cpp">
      <Filter>DirectXTex</Filter>
    </ClCompile>
    <ClCompile Include="EEAverage.cpp">
      <Filter>源文件\Emerald\EEEffect</Filter>
    </ClCompile>
    <ClCompile Include="EEAnimation.cpp">
      <Filter>源文件\Emerald\EEGUI</Filter>
    </ClCompile>
    <ClCompile Include="EEAction.cpp">
      <Filter>源文件\Emerald\EEAction</Filter>
    </ClCompile>
    <ClCompile Include="EEDNS.cpp">
      <Filter>源文件\Emerald\EESocket</Filter>
    </ClCompile>
    <ClCompile Include="EEParticle.cpp">
      <Filter>源文件\Emerald\EEParticle</Filter>
    </ClCompile>
    <ClCompile Include="EELine2D.cpp">
      <Filter>源文件\Emerald\EEGeometry</Filter>
    </ClCompile>
    <ClCompile Include="EEObject.cpp">
      <Filter>源文件\Emerald\EEObject</Filter>
    </ClCompile>
    <ClCompile Include="EEObject2D.cpp">
      <Filter>源文件\Emerald\EEObject</Filter>
    </ClCompile>
    <ClCompile Include="EEObject3D.cpp">
      <Filter>源文件\Emerald\EEObject</Filter>
    </ClCompile>
    <ClCompile Include="EEPoints2D.cpp">
      <Filter>源文件\Emerald\EEGeometry</Filter>
    </ClCompile>
    <ClCompile Include="EEComboBox.cpp">
      <Filter>源文件\Emerald\EEGUI</Filter>
    </ClCompile>
    <ClCompile Include="EELineBrowser.cpp">
      <Filter>源文件\Emerald\EEGUI</Filter>
    </ClCompile>
    <ClCompile Include="EETextBrowser.cpp">
      <Filter>源文件\Emerald\EEGUI</Filter>
    </ClCompile>
    <ClCompile Include="EEHash.cpp">
      <Filter>源文件\Emerald</Filter>
    </ClCompile>
    <ClCompile Include="EECurve2D.cpp">
      <Filter>源文件\Emerald\EEGeometry</Filter>
    </ClCompile>
    <ClCompile Include="EESphere.cpp">
      <Filter>源文件\Emerald\EEGeometry</Filter>
    </ClCompile>
    <ClCompile Include="EEGray.cpp">
      <Filter>源文件\Emerald\EEEffect</Filter>
    </ClCompile>
    <ClCompile Include="EEGrid.cpp">
      <Filter>源文件\Emerald\EEGeometry</Filter>
    </ClCompile>
    <ClCompile Include="EECylinder.cpp">
      <Filter>源文件\Emerald\EEGeometry</Filter>
    </ClCompile>
    <ClCompile Include="EEPolyhedron.cpp">
      <Filter>源文件\Emerald\EEGeometry</Filter>
    </ClCompile>
    <ClCompile Include="EEContrastAndBright.cpp">
      <Filter>源文件\Emerald\EEEffect</Filter>
    </ClCompile>
    <ClCompile Include="EEErode.cpp">
      <Filter>源文件\Emerald\EEEffect</Filter>
    </ClCompile>
    <ClCompile Include="EEDilate.cpp">
      <Filter>源文件\Emerald\EEEffect</Filter>
    </ClCompile>
    <ClCompile Include="EECanny.cpp">
      <Filter>源文件\Emerald\EEEffect</Filter>
    </ClCompile>
    <ClCompile Include="Demo\animation.cpp">
      <Filter>源文件\Demo</Filter>
    </ClCompile>
    <ClCompile Include="Demo\Average.cpp">
      <Filter>源文件\Demo</Filter>
    </ClCompile>
    <ClCompile Include="Demo\Blur.cpp">
      <Filter>源文件\Demo</Filter>
    </ClCompile>
    <ClCompile Include="Demo\CameraAction.cpp">
      <Filter>源文件\Demo</Filter>
    </ClCompile>
    <ClCompile Include="Demo\Canny.cpp">
      <Filter>源文件\Demo</Filter>
    </ClCompile>
    <ClCompile Include="Demo\ContrastAndBright.cpp">
      <Filter>源文件\Demo</Filter>
    </ClCompile>
    <ClCompile Include="Demo\DNSServer.cpp">
      <Filter>源文件\Demo</Filter>
    </ClCompile>
    <ClCompile Include="Demo\Erode.cpp">
      <Filter>源文件\Demo</Filter>
    </ClCompile>
    <ClCompile Include="Demo\FontTest.cpp">
      <Filter>源文件\Demo</Filter>
    </ClCompile>
    <ClCompile Include="Demo\Line2d.cpp">
      <Filter>源文件\Demo</Filter>
    </ClCompile>
    <ClCompile Include="Demo\Music.cpp">
      <Filter>源文件\Demo</Filter>
    </ClCompile>
    <ClCompile Include="Demo\Picking.cpp">
      <Filter>源文件\Demo</Filter>
    </ClCompile>
    <ClCompile Include="Demo\Points.cpp">
      <Filter>源文件\Demo</Filter>
    </ClCompile>
    <ClCompile Include="Demo\Progress.cpp">
      <Filter>源文件\Demo</Filter>
    </ClCompile>
    <ClCompile Include="Demo\Recoder.cpp">
      <Filter>源文件\Demo</Filter>
    </ClCompile>
    <ClCompile Include="Demo\Ripple.cpp">
      <Filter>源文件\Demo</Filter>
    </ClCompile>
    <ClCompile Include="Demo\Slide.cpp">
      <Filter>源文件\Demo</Filter>
    </ClCompile>
    <ClCompile Include="Demo\TCPClient.cpp">
      <Filter>源文件\Demo</Filter>
    </ClCompile>
    <ClCompile Include="Demo\TCPSever.cpp">
      <Filter>源文件\Demo</Filter>
    </ClCompile>
    <ClCompile Include="Demo\TCPwithFont.cpp">
      <Filter>源文件\Demo</Filter>
    </ClCompile>
    <ClCompile Include="Demo\Test.cpp">
      <Filter>源文件\Demo</Filter>
    </ClCompile>
    <ClCompile Include="Demo\Thread.cpp">
      <Filter>源文件\Demo</Filter>
    </ClCompile>
    <ClCompile Include="Demo\UDPClient.cpp">
      <Filter>源文件\Demo</Filter>
    </ClCompile>
    <ClCompile Include="Demo\UDPServer.cpp">
      <Filter>源文件\Demo</Filter>
    </ClCompile>
    <ClCompile Include="Demo\YYClient.cpp">
      <Filter>源文件\Demo</Filter>
    </ClCompile>
    <ClCompile Include="Demo\源1.cpp">
      <Filter>源文件\Demo</Filter>
    </ClCompile>
    <ClCompile Include="Demo\DIVA\DIVA.cpp">
      <Filter>源文件\Demo\DIVA</Filter>
    </ClCompile>
    <ClCompile Include="Demo\DIVA\DIVAConfig.cpp">
      <Filter>源文件\Demo\DIVA</Filter>
    </ClCompile>
    <ClCompile Include="Demo\DIVA\NoteMap.cpp">
      <Filter>源文件\Demo\DIVA</Filter>
    </ClCompile>
    <ClCompile Include="Demo\DIVA\DIVAMusicList.cpp">
      <Filter>源文件\Demo\DIVA</Filter>
    </ClCompile>
    <ClCompile Include="Demo\DIVA\DIVAGame.cpp">
      <Filter>源文件\Demo\DIVA</Filter>
    </ClCompile>
    <ClCompile Include="Demo\LineEditor.cpp">
      <Filter>源文件\Demo</Filter>
    </ClCompile>
    <ClCompile Include="EETextEditor.cpp">
      <Filter>源文件\Emerald\EEGUI</Filter>
    </ClCompile>
    <ClCompile Include="EELineEditor.cpp">
      <Filter>源文件\Emerald\EEGUI</Filter>
    </ClCompile>
    <ClCompile Include="Demo\AnimationEditor.cpp">
      <Filter>源文件\Demo</Filter>
    </ClCompile>
    <ClCompile Include="Demo\Music2.cpp">
      <Filter>源文件\Demo</Filter>
    </ClCompile>
    <ClCompile Include="EEVideo.cpp">
      <Filter>源文件\Emerald</Filter>
    </ClCompile>
    <ClCompile Include="Demo\Video.cpp">
      <Filter>源文件\Demo</Filter>
    </ClCompile>
    <ClCompile Include="Demo\Music3.cpp">
      <Filter>源文件\Demo</Filter>
    </ClCompile>
    <ClCompile Include="Demo\DIVAProject\DIVAMain.cpp">
      <Filter>源文件\Demo\DIVAProject</Filter>
    </ClCompile>
    <ClCompile Include="Demo\DIVAProject\DIVAManager.cpp">
      <Filter>源文件\Demo\DIVAProject</Filter>
    </ClCompile>
    <ClCompile Include="Demo\DIVAProject\DIVAConfig.cpp">
      <Filter>源文件\Demo\DIVAProject</Filter>
    </ClCompile>
    <ClCompile Include="Demo\DIVAProject\DIVAMap.cpp">
      <Filter>源文件\Demo\DIVAProject</Filter>
    </ClCompile>
    <ClCompile Include="Demo\DIVAProject\DIVAMenu.cpp">
      <Filter>源文件\Demo\DIVAProject</Filter>
    </ClCompile>
    <ClCompile Include="Demo\DIVAProject\DIVAFreeMode.cpp">
      <Filter>源文件\Demo\DIVAProject</Filter>
    </ClCompile>
    <ClCompile Include="EEScrollView.cpp">
      <Filter>源文件\Emerald\EEGUI</Filter>
    </ClCompile>
    <ClCompile Include="Demo\ScrollView.cpp">
      <Filter>源文件\Demo</Filter>
    </ClCompile>
    <ClCompile Include="Demo\AnimationEditor2.cpp">
      <Filter>源文件\Demo</Filter>
    </ClCompile>
    <ClCompile Include="Demo\Bitmap.cpp">
      <Filter>源文件\Demo</Filter>
    </ClCompile>
  </ItemGroup>
  <ItemGroup>
    <ClInclude Include="EESystem.h">
      <Filter>头文件\Emerald</Filter>
    </ClInclude>
    <ClInclude Include="Emerald.h">
      <Filter>头文件\Emerald</Filter>
    </ClInclude>
    <ClInclude Include="EECore.h">
      <Filter>头文件\Emerald</Filter>
    </ClInclude>
    <ClInclude Include="EEHelper.h">
      <Filter>头文件\Emerald</Filter>
    </ClInclude>
    <ClInclude Include="EEMath.h">
      <Filter>头文件\Emerald</Filter>
    </ClInclude>
    <ClInclude Include="EEInput.h">
      <Filter>头文件\Emerald</Filter>
    </ClInclude>
    <ClInclude Include="EETimer.h">
      <Filter>头文件\Emerald</Filter>
    </ClInclude>
    <ClInclude Include="EED3D.h">
      <Filter>头文件\Emerald</Filter>
    </ClInclude>
    <ClInclude Include="EEColor.h">
      <Filter>头文件\Emerald</Filter>
    </ClInclude>
    <ClInclude Include="EECamera.h">
      <Filter>头文件\Emerald</Filter>
    </ClInclude>
    <ClInclude Include="EECollision.h">
      <Filter>头文件\Emerald</Filter>
    </ClInclude>
    <ClInclude Include="EEShaderState.h">
      <Filter>头文件\Emerald</Filter>
    </ClInclude>
    <ClInclude Include="EEMusic.h">
      <Filter>头文件\Emerald</Filter>
    </ClInclude>
    <ClInclude Include="EESort.h">
      <Filter>头文件\Emerald</Filter>
    </ClInclude>
    <ClInclude Include="EERecorder.h">
      <Filter>头文件\Emerald</Filter>
    </ClInclude>
    <ClInclude Include="EEWaveCoder.h">
      <Filter>头文件\Emerald</Filter>
    </ClInclude>
    <ClInclude Include="EETCP.h">
      <Filter>头文件\Emerald\EESocket</Filter>
    </ClInclude>
    <ClInclude Include="EEUDP.h">
      <Filter>头文件\Emerald\EESocket</Filter>
    </ClInclude>
    <ClInclude Include="EESocket.h">
      <Filter>头文件\Emerald\EESocket</Filter>
    </ClInclude>
    <ClInclude Include="EEGUI.h">
      <Filter>头文件\Emerald\EEGUI</Filter>
    </ClInclude>
    <ClInclude Include="EEButton.h">
      <Filter>头文件\Emerald\EEGUI</Filter>
    </ClInclude>
    <ClInclude Include="EEScene.h">
      <Filter>头文件\Emerald\EEGUI</Filter>
    </ClInclude>
    <ClInclude Include="EEGeometry.h">
      <Filter>头文件\Emerald\EEGeometry</Filter>
    </ClInclude>
    <ClInclude Include="EEQuad2D.h">
      <Filter>头文件\Emerald\EEGeometry</Filter>
    </ClInclude>
    <ClInclude Include="EEBox.h">
      <Filter>头文件\Emerald\EEGeometry</Filter>
    </ClInclude>
    <ClInclude Include="EEThread.h">
      <Filter>头文件\Emerald</Filter>
    </ClInclude>
    <ClInclude Include="EESmartPtr.h">
      <Filter>头文件\Emerald</Filter>
    </ClInclude>
    <ClInclude Include="EEIntBoard.h">
      <Filter>头文件\Emerald\EEGUI</Filter>
    </ClInclude>
    <ClInclude Include="EETexture.h">
      <Filter>头文件\Emerald\EETexture</Filter>
    </ClInclude>
    <ClInclude Include="EEBitmap.h">
      <Filter>头文件\Emerald\EETexture</Filter>
    </ClInclude>
    <ClInclude Include="EEFont.h">
      <Filter>头文件\Emerald\EEFont</Filter>
    </ClInclude>
    <ClInclude Include="EESlide.h">
      <Filter>头文件\Emerald\EEGUI</Filter>
    </ClInclude>
    <ClInclude Include="EEFloatBoard.h">
      <Filter>头文件\Emerald\EEGUI</Filter>
    </ClInclude>
    <ClInclude Include="EEProgressbar.h">
      <Filter>头文件\Emerald\EEGUI</Filter>
    </ClInclude>
    <ClInclude Include="EERipple.h">
      <Filter>头文件\Emerald\EEEffect</Filter>
    </ClInclude>
    <ClInclude Include="EEMemoryLeak.h">
      <Filter>头文件\Emerald</Filter>
    </ClInclude>
    <ClInclude Include="EEEffect.h">
      <Filter>头文件\Emerald\EEEffect</Filter>
    </ClInclude>
    <ClInclude Include="EEBlur.h">
      <Filter>头文件\Emerald\EEEffect</Filter>
    </ClInclude>
    <ClInclude Include="EESlider.h">
      <Filter>头文件\Emerald\EEGUI</Filter>
    </ClInclude>
    <ClInclude Include="DirectXTex\BC.h">
      <Filter>DirectXTex</Filter>
    </ClInclude>
    <ClInclude Include="DirectXTex\BCDirectCompute.h">
      <Filter>DirectXTex</Filter>
    </ClInclude>
    <ClInclude Include="DirectXTex\DDS.h">
      <Filter>DirectXTex</Filter>
    </ClInclude>
    <ClInclude Include="DirectXTex\DirectXTex.h">
      <Filter>DirectXTex</Filter>
    </ClInclude>
    <ClInclude Include="DirectXTex\DirectXTexP.h">
      <Filter>DirectXTex</Filter>
    </ClInclude>
    <ClInclude Include="DirectXTex\Filters.h">
      <Filter>DirectXTex</Filter>
    </ClInclude>
    <ClInclude Include="DirectXTex\scoped.h">
      <Filter>DirectXTex</Filter>
    </ClInclude>
    <ClInclude Include="EEAverage.h">
      <Filter>头文件\Emerald\EEEffect</Filter>
    </ClInclude>
    <ClInclude Include="EEAnimation.h">
      <Filter>头文件\Emerald\EEGUI</Filter>
    </ClInclude>
    <ClInclude Include="EEAction.h">
      <Filter>头文件\Emerald\EEAction</Filter>
    </ClInclude>
    <ClInclude Include="EEDNS.h">
      <Filter>头文件\Emerald\EESocket</Filter>
    </ClInclude>
    <ClInclude Include="EEParticle.h">
      <Filter>头文件\Emerald\EEParticle</Filter>
    </ClInclude>
    <ClInclude Include="EELine2D.h">
      <Filter>头文件\Emerald\EEGeometry</Filter>
    </ClInclude>
    <ClInclude Include="EEObject.h">
      <Filter>头文件\Emerald\EEObject</Filter>
    </ClInclude>
    <ClInclude Include="EEObject2D.h">
      <Filter>头文件\Emerald\EEObject</Filter>
    </ClInclude>
    <ClInclude Include="EEObject3D.h">
      <Filter>头文件\Emerald\EEObject</Filter>
    </ClInclude>
    <ClInclude Include="EEPoints2D.h">
      <Filter>头文件\Emerald\EEGeometry</Filter>
    </ClInclude>
    <ClInclude Include="EEComboBox.h">
      <Filter>头文件\Emerald\EEGUI</Filter>
    </ClInclude>
    <ClInclude Include="EELineBrowser.h">
      <Filter>头文件\Emerald\EEGUI</Filter>
    </ClInclude>
    <ClInclude Include="EETextBrowser.h">
      <Filter>头文件\Emerald\EEGUI</Filter>
    </ClInclude>
    <ClInclude Include="EEHash.h">
      <Filter>头文件\Emerald</Filter>
    </ClInclude>
    <ClInclude Include="EECurve2D.h">
      <Filter>头文件\Emerald\EEGeometry</Filter>
    </ClInclude>
    <ClInclude Include="EESphere.h">
      <Filter>头文件\Emerald\EEGeometry</Filter>
    </ClInclude>
    <ClInclude Include="EEGray.h">
      <Filter>头文件\Emerald\EEEffect</Filter>
    </ClInclude>
    <ClInclude Include="EEGrid.h">
      <Filter>头文件\Emerald\EEGeometry</Filter>
    </ClInclude>
    <ClInclude Include="EECylinder.h">
      <Filter>头文件\Emerald\EEGeometry</Filter>
    </ClInclude>
    <ClInclude Include="EEPolyhedron.h">
      <Filter>头文件\Emerald\EEGeometry</Filter>
    </ClInclude>
    <ClInclude Include="EEContrastAndBright.h">
      <Filter>头文件\Emerald\EEEffect</Filter>
    </ClInclude>
    <ClInclude Include="EEErode.h">
      <Filter>头文件\Emerald\EEEffect</Filter>
    </ClInclude>
    <ClInclude Include="EEDilate.h">
      <Filter>头文件\Emerald\EEEffect</Filter>
    </ClInclude>
    <ClInclude Include="EECanny.h">
      <Filter>头文件\Emerald\EEEffect</Filter>
    </ClInclude>
    <ClInclude Include="Demo\DIVA\DIVAConfig.h">
      <Filter>源文件\Demo\DIVA</Filter>
    </ClInclude>
    <ClInclude Include="Demo\DIVA\DIVAHelper.h">
      <Filter>源文件\Demo\DIVA</Filter>
    </ClInclude>
    <ClInclude Include="Demo\DIVA\NoteMap.h">
      <Filter>源文件\Demo\DIVA</Filter>
    </ClInclude>
    <ClInclude Include="Demo\DIVA\DIVAMusicList.h">
      <Filter>源文件\Demo\DIVA</Filter>
    </ClInclude>
    <ClInclude Include="Demo\DIVA\DIVAGame.h">
      <Filter>源文件\Demo\DIVA</Filter>
    </ClInclude>
    <ClInclude Include="EELineEditor.h">
      <Filter>头文件\Emerald\EEGUI</Filter>
    </ClInclude>
    <ClInclude Include="EETextEditor.h">
      <Filter>头文件\Emerald\EEGUI</Filter>
    </ClInclude>
    <ClInclude Include="EEVideo.h">
      <Filter>头文件\Emerald</Filter>
    </ClInclude>
    <ClInclude Include="Demo\DIVAProject\DIVAManager.h">
      <Filter>源文件\Demo\DIVAProject</Filter>
    </ClInclude>
    <ClInclude Include="Demo\DIVAProject\DIVAConfig.h">
      <Filter>源文件\Demo\DIVAProject</Filter>
    </ClInclude>
    <ClInclude Include="Demo\DIVAProject\DIVAMap.h">
      <Filter>源文件\Demo\DIVAProject</Filter>
    </ClInclude>
    <ClInclude Include="Demo\DIVAProject\DIVAMenu.h">
      <Filter>源文件\Demo\DIVAProject</Filter>
    </ClInclude>
    <ClInclude Include="Demo\DIVAProject\DIVAFreeMode.h">
      <Filter>源文件\Demo\DIVAProject</Filter>
    </ClInclude>
    <ClInclude Include="EEScrollView.h">
      <Filter>头文件\Emerald\EEGUI</Filter>
    </ClInclude>
  </ItemGroup>
  <ItemGroup>
    <None Include="EEShader\EEObjectBuffer.hlsl">
      <Filter>头文件\Emerald\EEShader</Filter>
    </None>
    <None Include="EEShader\EECameraBuffer.hlsl">
      <Filter>头文件\Emerald\EEShader</Filter>
    </None>
    <None Include="EEShader\EEQuad2DShader.hlsl">
      <Filter>头文件\Emerald\EEShader</Filter>
    </None>
    <None Include="EEShader\EEFontShader.hlsl">
      <Filter>头文件\Emerald\EEShader</Filter>
    </None>
    <None Include="EEShader\EEBoxShader.hlsl">
      <Filter>头文件\Emerald\EEShader</Filter>
    </None>
    <None Include="EEWaveCoder.cpp">
      <Filter>源文件\Emerald</Filter>
    </None>
    <None Include="EEShader\EEShaderHelper.hlsl">
      <Filter>头文件\Emerald\EEShader</Filter>
    </None>
    <None Include="EEShader\EERippleShader.hlsl">
      <Filter>头文件\Emerald\EEShader\EERippleShader</Filter>
    </None>
    <None Include="EEShader\EERippleDisturb.hlsl">
      <Filter>头文件\Emerald\EEShader\EERippleShader</Filter>
    </None>
    <None Include="EEShader\EERippleSpread.hlsl">
      <Filter>头文件\Emerald\EEShader\EERippleShader</Filter>
    </None>
    <None Include="DirectXTex\DirectXTex.inl">
      <Filter>DirectXTex</Filter>
    </None>
    <None Include="EEShader\EERippleHelper.hlsl">
      <Filter>头文件\Emerald\EEShader\EERippleShader</Filter>
    </None>
    <None Include="EEShader\EEBlurShader.hlsl">
      <Filter>头文件\Emerald\EEShader\EEBlurShader</Filter>
    </None>
    <None Include="EEShader\EELine2DShader.hlsl">
      <Filter>头文件\Emerald\EEShader</Filter>
    </None>
    <None Include="EEShader\EEPoints2DShader.hlsl">
      <Filter>头文件\Emerald\EEShader</Filter>
    </None>
    <None Include="EEShader\EEAverageShader.hlsl">
      <Filter>头文件\Emerald\EEShader\EEAverageShader</Filter>
    </None>
    <None Include="EEShader\EEGrayShader.hlsl">
      <Filter>头文件\Emerald\EEShader\EEGrayShader</Filter>
    </None>
    <None Include="EEShader\EELightShader.hlsl">
      <Filter>头文件\Emerald\EEShader</Filter>
    </None>
    <None Include="EEShader\EEContrastAndBrightShader.hlsl">
      <Filter>头文件\Emerald\EEShader\EEContrastAndBrightShader</Filter>
    </None>
    <None Include="EEShader\EEErodeShader.hlsl">
      <Filter>头文件\Emerald\EEShader\EEErodeShader</Filter>
    </None>
    <None Include="EEShader\EEFilterShader.hlsl">
      <Filter>头文件\Emerald\EEShader\EEFilterShader</Filter>
    </None>
    <None Include="EEShader\EEDilateShader.hlsl">
      <Filter>头文件\Emerald\EEShader\EEDilateShader</Filter>
    </None>
    <None Include="EEShader\EECannyShader.hlsl">
      <Filter>头文件\Emerald\EEShader\EECannyShader</Filter>
    </None>
  </ItemGroup>
</Project>